// !$*UTF8*$!
{
	archiveVersion = 1;
	classes = {
	};
	objectVersion = 56;
	objects = {

/* Begin PBXBuildFile section */
		776C487829AB8DD100BC6A6F /* AppDelegate.swift in Sources */ = {isa = PBXBuildFile; fileRef = 776C487729AB8DD100BC6A6F /* AppDelegate.swift */; };
		776C487A29AB8DD100BC6A6F /* SceneDelegate.swift in Sources */ = {isa = PBXBuildFile; fileRef = 776C487929AB8DD100BC6A6F /* SceneDelegate.swift */; };
		776C487C29AB8DD100BC6A6F /* ViewController.swift in Sources */ = {isa = PBXBuildFile; fileRef = 776C487B29AB8DD100BC6A6F /* ViewController.swift */; };
		776C487F29AB8DD100BC6A6F /* Main.storyboard in Resources */ = {isa = PBXBuildFile; fileRef = 776C487D29AB8DD100BC6A6F /* Main.storyboard */; };
		776C488129AB8DD200BC6A6F /* Assets.xcassets in Resources */ = {isa = PBXBuildFile; fileRef = 776C488029AB8DD200BC6A6F /* Assets.xcassets */; };
		776C488429AB8DD200BC6A6F /* LaunchScreen.storyboard in Resources */ = {isa = PBXBuildFile; fileRef = 776C488229AB8DD200BC6A6F /* LaunchScreen.storyboard */; };
		776C488F29AB8DD200BC6A6F /* CounterTests.swift in Sources */ = {isa = PBXBuildFile; fileRef = 776C488E29AB8DD200BC6A6F /* CounterTests.swift */; };
		776C489929AB8DD200BC6A6F /* CounterUITests.swift in Sources */ = {isa = PBXBuildFile; fileRef = 776C489829AB8DD200BC6A6F /* CounterUITests.swift */; };
		776C489B29AB8DD200BC6A6F /* CounterUITestsLaunchTests.swift in Sources */ = {isa = PBXBuildFile; fileRef = 776C489A29AB8DD200BC6A6F /* CounterUITestsLaunchTests.swift */; };
/* End PBXBuildFile section */

/* Begin PBXContainerItemProxy section */
		776C488B29AB8DD200BC6A6F /* PBXContainerItemProxy */ = {
			isa = PBXContainerItemProxy;
			containerPortal = 776C486C29AB8DD100BC6A6F /* Project object */;
			proxyType = 1;
			remoteGlobalIDString = 776C487329AB8DD100BC6A6F;
			remoteInfo = Counter;
		};
		776C489529AB8DD200BC6A6F /* PBXContainerItemProxy */ = {
			isa = PBXContainerItemProxy;
			containerPortal = 776C486C29AB8DD100BC6A6F /* Project object */;
			proxyType = 1;
			remoteGlobalIDString = 776C487329AB8DD100BC6A6F;
			remoteInfo = Counter;
		};
/* End PBXContainerItemProxy section */

/* Begin PBXFileReference section */
		776C487429AB8DD100BC6A6F /* Counter.app */ = {isa = PBXFileReference; explicitFileType = wrapper.application; includeInIndex = 0; path = Counter.app; sourceTree = BUILT_PRODUCTS_DIR; };
		776C487729AB8DD100BC6A6F /* AppDelegate.swift */ = {isa = PBXFileReference; lastKnownFileType = sourcecode.swift; path = AppDelegate.swift; sourceTree = "<group>"; };
		776C487929AB8DD100BC6A6F /* SceneDelegate.swift */ = {isa = PBXFileReference; lastKnownFileType = sourcecode.swift; path = SceneDelegate.swift; sourceTree = "<group>"; };
		776C487B29AB8DD100BC6A6F /* ViewController.swift */ = {isa = PBXFileReference; lastKnownFileType = sourcecode.swift; path = ViewController.swift; sourceTree = "<group>"; };
		776C487E29AB8DD100BC6A6F /* Base */ = {isa = PBXFileReference; lastKnownFileType = file.storyboard; name = Base; path = Base.lproj/Main.storyboard; sourceTree = "<group>"; };
		776C488029AB8DD200BC6A6F /* Assets.xcassets */ = {isa = PBXFileReference; lastKnownFileType = folder.assetcatalog; path = Assets.xcassets; sourceTree = "<group>"; };
		776C488329AB8DD200BC6A6F /* Base */ = {isa = PBXFileReference; lastKnownFileType = file.storyboard; name = Base; path = Base.lproj/LaunchScreen.storyboard; sourceTree = "<group>"; };
		776C488529AB8DD200BC6A6F /* Info.plist */ = {isa = PBXFileReference; lastKnownFileType = text.plist.xml; path = Info.plist; sourceTree = "<group>"; };
		776C488A29AB8DD200BC6A6F /* CounterTests.xctest */ = {isa = PBXFileReference; explicitFileType = wrapper.cfbundle; includeInIndex = 0; path = CounterTests.xctest; sourceTree = BUILT_PRODUCTS_DIR; };
		776C488E29AB8DD200BC6A6F /* CounterTests.swift */ = {isa = PBXFileReference; lastKnownFileType = sourcecode.swift; path = CounterTests.swift; sourceTree = "<group>"; };
		776C489429AB8DD200BC6A6F /* CounterUITests.xctest */ = {isa = PBXFileReference; explicitFileType = wrapper.cfbundle; includeInIndex = 0; path = CounterUITests.xctest; sourceTree = BUILT_PRODUCTS_DIR; };
		776C489829AB8DD200BC6A6F /* CounterUITests.swift */ = {isa = PBXFileReference; lastKnownFileType = sourcecode.swift; path = CounterUITests.swift; sourceTree = "<group>"; };
		776C489A29AB8DD200BC6A6F /* CounterUITestsLaunchTests.swift */ = {isa = PBXFileReference; lastKnownFileType = sourcecode.swift; path = CounterUITestsLaunchTests.swift; sourceTree = "<group>"; };
/* End PBXFileReference section */

/* Begin PBXFrameworksBuildPhase section */
		776C487129AB8DD100BC6A6F /* Frameworks */ = {
			isa = PBXFrameworksBuildPhase;
			buildActionMask = 2147483647;
			files = (
			);
			runOnlyForDeploymentPostprocessing = 0;
		};
		776C488729AB8DD200BC6A6F /* Frameworks */ = {
			isa = PBXFrameworksBuildPhase;
			buildActionMask = 2147483647;
			files = (
			);
			runOnlyForDeploymentPostprocessing = 0;
		};
		776C489129AB8DD200BC6A6F /* Frameworks */ = {
			isa = PBXFrameworksBuildPhase;
			buildActionMask = 2147483647;
			files = (
			);
			runOnlyForDeploymentPostprocessing = 0;
		};
/* End PBXFrameworksBuildPhase section */

/* Begin PBXGroup section */
		776C486B29AB8DD100BC6A6F = {
			isa = PBXGroup;
			children = (
				776C487629AB8DD100BC6A6F /* Counter */,
				776C488D29AB8DD200BC6A6F /* CounterTests */,
				776C489729AB8DD200BC6A6F /* CounterUITests */,
				776C487529AB8DD100BC6A6F /* Products */,
			);
			sourceTree = "<group>";
		};
		776C487529AB8DD100BC6A6F /* Products */ = {
			isa = PBXGroup;
			children = (
				776C487429AB8DD100BC6A6F /* Counter.app */,
				776C488A29AB8DD200BC6A6F /* CounterTests.xctest */,
				776C489429AB8DD200BC6A6F /* CounterUITests.xctest */,
			);
			name = Products;
			sourceTree = "<group>";
		};
		776C487629AB8DD100BC6A6F /* Counter */ = {
			isa = PBXGroup;
			children = (
				776C487729AB8DD100BC6A6F /* AppDelegate.swift */,
				776C487929AB8DD100BC6A6F /* SceneDelegate.swift */,
				776C487B29AB8DD100BC6A6F /* ViewController.swift */,
				776C487D29AB8DD100BC6A6F /* Main.storyboard */,
				776C488029AB8DD200BC6A6F /* Assets.xcassets */,
				776C488229AB8DD200BC6A6F /* LaunchScreen.storyboard */,
				776C488529AB8DD200BC6A6F /* Info.plist */,
			);
			path = Counter;
			sourceTree = "<group>";
		};
		776C488D29AB8DD200BC6A6F /* CounterTests */ = {
			isa = PBXGroup;
			children = (
				776C488E29AB8DD200BC6A6F /* CounterTests.swift */,
			);
			path = CounterTests;
			sourceTree = "<group>";
		};
		776C489729AB8DD200BC6A6F /* CounterUITests */ = {
			isa = PBXGroup;
			children = (
				776C489829AB8DD200BC6A6F /* CounterUITests.swift */,
				776C489A29AB8DD200BC6A6F /* CounterUITestsLaunchTests.swift */,
			);
			path = CounterUITests;
			sourceTree = "<group>";
		};
/* End PBXGroup section */

/* Begin PBXNativeTarget section */
		776C487329AB8DD100BC6A6F /* Counter */ = {
			isa = PBXNativeTarget;
			buildConfigurationList = 776C489E29AB8DD200BC6A6F /* Build configuration list for PBXNativeTarget "Counter" */;
			buildPhases = (
				776C487029AB8DD100BC6A6F /* Sources */,
				776C487129AB8DD100BC6A6F /* Frameworks */,
				776C487229AB8DD100BC6A6F /* Resources */,
			);
			buildRules = (
			);
			dependencies = (
			);
			name = Counter;
			productName = Counter;
			productReference = 776C487429AB8DD100BC6A6F /* Counter.app */;
			productType = "com.apple.product-type.application";
		};
		776C488929AB8DD200BC6A6F /* CounterTests */ = {
			isa = PBXNativeTarget;
			buildConfigurationList = 776C48A129AB8DD200BC6A6F /* Build configuration list for PBXNativeTarget "CounterTests" */;
			buildPhases = (
				776C488629AB8DD200BC6A6F /* Sources */,
				776C488729AB8DD200BC6A6F /* Frameworks */,
				776C488829AB8DD200BC6A6F /* Resources */,
			);
			buildRules = (
			);
			dependencies = (
				776C488C29AB8DD200BC6A6F /* PBXTargetDependency */,
			);
			name = CounterTests;
			productName = CounterTests;
			productReference = 776C488A29AB8DD200BC6A6F /* CounterTests.xctest */;
			productType = "com.apple.product-type.bundle.unit-test";
		};
		776C489329AB8DD200BC6A6F /* CounterUITests */ = {
			isa = PBXNativeTarget;
			buildConfigurationList = 776C48A429AB8DD200BC6A6F /* Build configuration list for PBXNativeTarget "CounterUITests" */;
			buildPhases = (
				776C489029AB8DD200BC6A6F /* Sources */,
				776C489129AB8DD200BC6A6F /* Frameworks */,
				776C489229AB8DD200BC6A6F /* Resources */,
			);
			buildRules = (
			);
			dependencies = (
				776C489629AB8DD200BC6A6F /* PBXTargetDependency */,
			);
			name = CounterUITests;
			productName = CounterUITests;
			productReference = 776C489429AB8DD200BC6A6F /* CounterUITests.xctest */;
			productType = "com.apple.product-type.bundle.ui-testing";
		};
/* End PBXNativeTarget section */

/* Begin PBXProject section */
		776C486C29AB8DD100BC6A6F /* Project object */ = {
			isa = PBXProject;
			attributes = {
				BuildIndependentTargetsInParallel = 1;
				LastSwiftUpdateCheck = 1410;
				LastUpgradeCheck = 1410;
				TargetAttributes = {
					776C487329AB8DD100BC6A6F = {
						CreatedOnToolsVersion = 14.1;
					};
					776C488929AB8DD200BC6A6F = {
						CreatedOnToolsVersion = 14.1;
						TestTargetID = 776C487329AB8DD100BC6A6F;
					};
					776C489329AB8DD200BC6A6F = {
						CreatedOnToolsVersion = 14.1;
						TestTargetID = 776C487329AB8DD100BC6A6F;
					};
				};
			};
			buildConfigurationList = 776C486F29AB8DD100BC6A6F /* Build configuration list for PBXProject "Counter" */;
			compatibilityVersion = "Xcode 14.0";
			developmentRegion = en;
			hasScannedForEncodings = 0;
			knownRegions = (
				en,
				Base,
			);
			mainGroup = 776C486B29AB8DD100BC6A6F;
			productRefGroup = 776C487529AB8DD100BC6A6F /* Products */;
			projectDirPath = "";
			projectRoot = "";
			targets = (
				776C487329AB8DD100BC6A6F /* Counter */,
				776C488929AB8DD200BC6A6F /* CounterTests */,
				776C489329AB8DD200BC6A6F /* CounterUITests */,
			);
		};
/* End PBXProject section */

/* Begin PBXResourcesBuildPhase section */
		776C487229AB8DD100BC6A6F /* Resources */ = {
			isa = PBXResourcesBuildPhase;
			buildActionMask = 2147483647;
			files = (
				776C488429AB8DD200BC6A6F /* LaunchScreen.storyboard in Resources */,
				776C488129AB8DD200BC6A6F /* Assets.xcassets in Resources */,
				776C487F29AB8DD100BC6A6F /* Main.storyboard in Resources */,
			);
			runOnlyForDeploymentPostprocessing = 0;
		};
		776C488829AB8DD200BC6A6F /* Resources */ = {
			isa = PBXResourcesBuildPhase;
			buildActionMask = 2147483647;
			files = (
			);
			runOnlyForDeploymentPostprocessing = 0;
		};
		776C489229AB8DD200BC6A6F /* Resources */ = {
			isa = PBXResourcesBuildPhase;
			buildActionMask = 2147483647;
			files = (
			);
			runOnlyForDeploymentPostprocessing = 0;
		};
/* End PBXResourcesBuildPhase section */

/* Begin PBXSourcesBuildPhase section */
		776C487029AB8DD100BC6A6F /* Sources */ = {
			isa = PBXSourcesBuildPhase;
			buildActionMask = 2147483647;
			files = (
				776C487C29AB8DD100BC6A6F /* ViewController.swift in Sources */,
				776C487829AB8DD100BC6A6F /* AppDelegate.swift in Sources */,
				776C487A29AB8DD100BC6A6F /* SceneDelegate.swift in Sources */,
			);
			runOnlyForDeploymentPostprocessing = 0;
		};
		776C488629AB8DD200BC6A6F /* Sources */ = {
			isa = PBXSourcesBuildPhase;
			buildActionMask = 2147483647;
			files = (
				776C488F29AB8DD200BC6A6F /* CounterTests.swift in Sources */,
			);
			runOnlyForDeploymentPostprocessing = 0;
		};
		776C489029AB8DD200BC6A6F /* Sources */ = {
			isa = PBXSourcesBuildPhase;
			buildActionMask = 2147483647;
			files = (
				776C489929AB8DD200BC6A6F /* CounterUITests.swift in Sources */,
				776C489B29AB8DD200BC6A6F /* CounterUITestsLaunchTests.swift in Sources */,
			);
			runOnlyForDeploymentPostprocessing = 0;
		};
/* End PBXSourcesBuildPhase section */

/* Begin PBXTargetDependency section */
		776C488C29AB8DD200BC6A6F /* PBXTargetDependency */ = {
			isa = PBXTargetDependency;
			target = 776C487329AB8DD100BC6A6F /* Counter */;
			targetProxy = 776C488B29AB8DD200BC6A6F /* PBXContainerItemProxy */;
		};
		776C489629AB8DD200BC6A6F /* PBXTargetDependency */ = {
			isa = PBXTargetDependency;
			target = 776C487329AB8DD100BC6A6F /* Counter */;
			targetProxy = 776C489529AB8DD200BC6A6F /* PBXContainerItemProxy */;
		};
/* End PBXTargetDependency section */

/* Begin PBXVariantGroup section */
		776C487D29AB8DD100BC6A6F /* Main.storyboard */ = {
			isa = PBXVariantGroup;
			children = (
				776C487E29AB8DD100BC6A6F /* Base */,
			);
			name = Main.storyboard;
			sourceTree = "<group>";
		};
		776C488229AB8DD200BC6A6F /* LaunchScreen.storyboard */ = {
			isa = PBXVariantGroup;
			children = (
				776C488329AB8DD200BC6A6F /* Base */,
			);
			name = LaunchScreen.storyboard;
			sourceTree = "<group>";
		};
/* End PBXVariantGroup section */

/* Begin XCBuildConfiguration section */
		776C489C29AB8DD200BC6A6F /* Debug */ = {
			isa = XCBuildConfiguration;
			buildSettings = {
				ALWAYS_SEARCH_USER_PATHS = NO;
				CLANG_ANALYZER_NONNULL = YES;
				CLANG_ANALYZER_NUMBER_OBJECT_CONVERSION = YES_AGGRESSIVE;
				CLANG_CXX_LANGUAGE_STANDARD = "gnu++20";
				CLANG_ENABLE_MODULES = YES;
				CLANG_ENABLE_OBJC_ARC = YES;
				CLANG_ENABLE_OBJC_WEAK = YES;
				CLANG_WARN_BLOCK_CAPTURE_AUTORELEASING = YES;
				CLANG_WARN_BOOL_CONVERSION = YES;
				CLANG_WARN_COMMA = YES;
				CLANG_WARN_CONSTANT_CONVERSION = YES;
				CLANG_WARN_DEPRECATED_OBJC_IMPLEMENTATIONS = YES;
				CLANG_WARN_DIRECT_OBJC_ISA_USAGE = YES_ERROR;
				CLANG_WARN_DOCUMENTATION_COMMENTS = YES;
				CLANG_WARN_EMPTY_BODY = YES;
				CLANG_WARN_ENUM_CONVERSION = YES;
				CLANG_WARN_INFINITE_RECURSION = YES;
				CLANG_WARN_INT_CONVERSION = YES;
				CLANG_WARN_NON_LITERAL_NULL_CONVERSION = YES;
				CLANG_WARN_OBJC_IMPLICIT_RETAIN_SELF = YES;
				CLANG_WARN_OBJC_LITERAL_CONVERSION = YES;
				CLANG_WARN_OBJC_ROOT_CLASS = YES_ERROR;
				CLANG_WARN_QUOTED_INCLUDE_IN_FRAMEWORK_HEADER = YES;
				CLANG_WARN_RANGE_LOOP_ANALYSIS = YES;
				CLANG_WARN_STRICT_PROTOTYPES = YES;
				CLANG_WARN_SUSPICIOUS_MOVE = YES;
				CLANG_WARN_UNGUARDED_AVAILABILITY = YES_AGGRESSIVE;
				CLANG_WARN_UNREACHABLE_CODE = YES;
				CLANG_WARN__DUPLICATE_METHOD_MATCH = YES;
				COPY_PHASE_STRIP = NO;
				DEBUG_INFORMATION_FORMAT = dwarf;
				ENABLE_STRICT_OBJC_MSGSEND = YES;
				ENABLE_TESTABILITY = YES;
				GCC_C_LANGUAGE_STANDARD = gnu11;
				GCC_DYNAMIC_NO_PIC = NO;
				GCC_NO_COMMON_BLOCKS = YES;
				GCC_OPTIMIZATION_LEVEL = 0;
				GCC_PREPROCESSOR_DEFINITIONS = (
					"DEBUG=1",
					"$(inherited)",
				);
				GCC_WARN_64_TO_32_BIT_CONVERSION = YES;
				GCC_WARN_ABOUT_RETURN_TYPE = YES_ERROR;
				GCC_WARN_UNDECLARED_SELECTOR = YES;
				GCC_WARN_UNINITIALIZED_AUTOS = YES_AGGRESSIVE;
				GCC_WARN_UNUSED_FUNCTION = YES;
				GCC_WARN_UNUSED_VARIABLE = YES;
				IPHONEOS_DEPLOYMENT_TARGET = 16.1;
				MTL_ENABLE_DEBUG_INFO = INCLUDE_SOURCE;
				MTL_FAST_MATH = YES;
				ONLY_ACTIVE_ARCH = YES;
				SDKROOT = iphoneos;
				SWIFT_ACTIVE_COMPILATION_CONDITIONS = DEBUG;
				SWIFT_OPTIMIZATION_LEVEL = "-Onone";
			};
			name = Debug;
		};
		776C489D29AB8DD200BC6A6F /* Release */ = {
			isa = XCBuildConfiguration;
			buildSettings = {
				ALWAYS_SEARCH_USER_PATHS = NO;
				CLANG_ANALYZER_NONNULL = YES;
				CLANG_ANALYZER_NUMBER_OBJECT_CONVERSION = YES_AGGRESSIVE;
				CLANG_CXX_LANGUAGE_STANDARD = "gnu++20";
				CLANG_ENABLE_MODULES = YES;
				CLANG_ENABLE_OBJC_ARC = YES;
				CLANG_ENABLE_OBJC_WEAK = YES;
				CLANG_WARN_BLOCK_CAPTURE_AUTORELEASING = YES;
				CLANG_WARN_BOOL_CONVERSION = YES;
				CLANG_WARN_COMMA = YES;
				CLANG_WARN_CONSTANT_CONVERSION = YES;
				CLANG_WARN_DEPRECATED_OBJC_IMPLEMENTATIONS = YES;
				CLANG_WARN_DIRECT_OBJC_ISA_USAGE = YES_ERROR;
				CLANG_WARN_DOCUMENTATION_COMMENTS = YES;
				CLANG_WARN_EMPTY_BODY = YES;
				CLANG_WARN_ENUM_CONVERSION = YES;
				CLANG_WARN_INFINITE_RECURSION = YES;
				CLANG_WARN_INT_CONVERSION = YES;
				CLANG_WARN_NON_LITERAL_NULL_CONVERSION = YES;
				CLANG_WARN_OBJC_IMPLICIT_RETAIN_SELF = YES;
				CLANG_WARN_OBJC_LITERAL_CONVERSION = YES;
				CLANG_WARN_OBJC_ROOT_CLASS = YES_ERROR;
				CLANG_WARN_QUOTED_INCLUDE_IN_FRAMEWORK_HEADER = YES;
				CLANG_WARN_RANGE_LOOP_ANALYSIS = YES;
				CLANG_WARN_STRICT_PROTOTYPES = YES;
				CLANG_WARN_SUSPICIOUS_MOVE = YES;
				CLANG_WARN_UNGUARDED_AVAILABILITY = YES_AGGRESSIVE;
				CLANG_WARN_UNREACHABLE_CODE = YES;
				CLANG_WARN__DUPLICATE_METHOD_MATCH = YES;
				COPY_PHASE_STRIP = NO;
				DEBUG_INFORMATION_FORMAT = "dwarf-with-dsym";
				ENABLE_NS_ASSERTIONS = NO;
				ENABLE_STRICT_OBJC_MSGSEND = YES;
				GCC_C_LANGUAGE_STANDARD = gnu11;
				GCC_NO_COMMON_BLOCKS = YES;
				GCC_WARN_64_TO_32_BIT_CONVERSION = YES;
				GCC_WARN_ABOUT_RETURN_TYPE = YES_ERROR;
				GCC_WARN_UNDECLARED_SELECTOR = YES;
				GCC_WARN_UNINITIALIZED_AUTOS = YES_AGGRESSIVE;
				GCC_WARN_UNUSED_FUNCTION = YES;
				GCC_WARN_UNUSED_VARIABLE = YES;
				IPHONEOS_DEPLOYMENT_TARGET = 16.1;
				MTL_ENABLE_DEBUG_INFO = NO;
				MTL_FAST_MATH = YES;
				SDKROOT = iphoneos;
				SWIFT_COMPILATION_MODE = wholemodule;
				SWIFT_OPTIMIZATION_LEVEL = "-O";
				VALIDATE_PRODUCT = YES;
			};
			name = Release;
		};
		776C489F29AB8DD200BC6A6F /* Debug */ = {
			isa = XCBuildConfiguration;
			buildSettings = {
				ASSETCATALOG_COMPILER_APPICON_NAME = AppIcon;
				ASSETCATALOG_COMPILER_GLOBAL_ACCENT_COLOR_NAME = AccentColor;
				CODE_SIGN_STYLE = Automatic;
				CURRENT_PROJECT_VERSION = 1;
				DEVELOPMENT_TEAM = 5FT98XXVFH;
				GENERATE_INFOPLIST_FILE = YES;
				INFOPLIST_FILE = Counter/Info.plist;
				INFOPLIST_KEY_UIApplicationSupportsIndirectInputEvents = YES;
				INFOPLIST_KEY_UILaunchStoryboardName = LaunchScreen;
				INFOPLIST_KEY_UIMainStoryboardFile = Main;
				INFOPLIST_KEY_UISupportedInterfaceOrientations_iPad = "UIInterfaceOrientationPortrait UIInterfaceOrientationPortraitUpsideDown UIInterfaceOrientationLandscapeLeft UIInterfaceOrientationLandscapeRight";
				INFOPLIST_KEY_UISupportedInterfaceOrientations_iPhone = "UIInterfaceOrientationPortrait UIInterfaceOrientationLandscapeLeft UIInterfaceOrientationLandscapeRight";
				LD_RUNPATH_SEARCH_PATHS = (
					"$(inherited)",
					"@executable_path/Frameworks",
				);
				MARKETING_VERSION = 1.0;
				PRODUCT_BUNDLE_IDENTIFIER = test.Counter;
				PRODUCT_NAME = "$(TARGET_NAME)";
				SWIFT_EMIT_LOC_STRINGS = YES;
				SWIFT_VERSION = 5.0;
				TARGETED_DEVICE_FAMILY = "1,2";
			};
			name = Debug;
		};
		776C48A029AB8DD200BC6A6F /* Release */ = {
			isa = XCBuildConfiguration;
			buildSettings = {
				ASSETCATALOG_COMPILER_APPICON_NAME = AppIcon;
				ASSETCATALOG_COMPILER_GLOBAL_ACCENT_COLOR_NAME = AccentColor;
				CODE_SIGN_STYLE = Automatic;
				CURRENT_PROJECT_VERSION = 1;
				DEVELOPMENT_TEAM = 5FT98XXVFH;
				GENERATE_INFOPLIST_FILE = YES;
				INFOPLIST_FILE = Counter/Info.plist;
				INFOPLIST_KEY_UIApplicationSupportsIndirectInputEvents = YES;
				INFOPLIST_KEY_UILaunchStoryboardName = LaunchScreen;
				INFOPLIST_KEY_UIMainStoryboardFile = Main;
				INFOPLIST_KEY_UISupportedInterfaceOrientations_iPad = "UIInterfaceOrientationPortrait UIInterfaceOrientationPortraitUpsideDown UIInterfaceOrientationLandscapeLeft UIInterfaceOrientationLandscapeRight";
				INFOPLIST_KEY_UISupportedInterfaceOrientations_iPhone = "UIInterfaceOrientationPortrait UIInterfaceOrientationLandscapeLeft UIInterfaceOrientationLandscapeRight";
				LD_RUNPATH_SEARCH_PATHS = (
					"$(inherited)",
					"@executable_path/Frameworks",
				);
				MARKETING_VERSION = 1.0;
				PRODUCT_BUNDLE_IDENTIFIER = test.Counter;
				PRODUCT_NAME = "$(TARGET_NAME)";
				SWIFT_EMIT_LOC_STRINGS = YES;
				SWIFT_VERSION = 5.0;
				TARGETED_DEVICE_FAMILY = "1,2";
			};
			name = Release;
		};
		776C48A229AB8DD200BC6A6F /* Debug */ = {
			isa = XCBuildConfiguration;
			buildSettings = {
				ALWAYS_EMBED_SWIFT_STANDARD_LIBRARIES = YES;
				BUNDLE_LOADER = "$(TEST_HOST)";
				CODE_SIGN_STYLE = Automatic;
				CURRENT_PROJECT_VERSION = 1;
				DEVELOPMENT_TEAM = 5FT98XXVFH;
				GENERATE_INFOPLIST_FILE = YES;
				IPHONEOS_DEPLOYMENT_TARGET = 16.1;
				MARKETING_VERSION = 1.0;
				PRODUCT_BUNDLE_IDENTIFIER = test.CounterTests;
				PRODUCT_NAME = "$(TARGET_NAME)";
				SWIFT_EMIT_LOC_STRINGS = NO;
				SWIFT_VERSION = 5.0;
				TARGETED_DEVICE_FAMILY = "1,2";
				TEST_HOST = "$(BUILT_PRODUCTS_DIR)/Counter.app/$(BUNDLE_EXECUTABLE_FOLDER_PATH)/Counter";
			};
			name = Debug;
		};
		776C48A329AB8DD200BC6A6F /* Release */ = {
			isa = XCBuildConfiguration;
			buildSettings = {
				ALWAYS_EMBED_SWIFT_STANDARD_LIBRARIES = YES;
				BUNDLE_LOADER = "$(TEST_HOST)";
				CODE_SIGN_STYLE = Automatic;
				CURRENT_PROJECT_VERSION = 1;
				DEVELOPMENT_TEAM = 5FT98XXVFH;
				GENERATE_INFOPLIST_FILE = YES;
				IPHONEOS_DEPLOYMENT_TARGET = 16.1;
				MARKETING_VERSION = 1.0;
				PRODUCT_BUNDLE_IDENTIFIER = test.CounterTests;
				PRODUCT_NAME = "$(TARGET_NAME)";
				SWIFT_EMIT_LOC_STRINGS = NO;
				SWIFT_VERSION = 5.0;
				TARGETED_DEVICE_FAMILY = "1,2";
				TEST_HOST = "$(BUILT_PRODUCTS_DIR)/Counter.app/$(BUNDLE_EXECUTABLE_FOLDER_PATH)/Counter";
			};
			name = Release;
		};
		776C48A529AB8DD200BC6A6F /* Debug */ = {
			isa = XCBuildConfiguration;
			buildSettings = {
				ALWAYS_EMBED_SWIFT_STANDARD_LIBRARIES = YES;
				CODE_SIGN_STYLE = Automatic;
				CURRENT_PROJECT_VERSION = 1;
				DEVELOPMENT_TEAM = 5FT98XXVFH;
				GENERATE_INFOPLIST_FILE = YES;
				MARKETING_VERSION = 1.0;
				PRODUCT_BUNDLE_IDENTIFIER = test.CounterUITests;
				PRODUCT_NAME = "$(TARGET_NAME)";
				SWIFT_EMIT_LOC_STRINGS = NO;
				SWIFT_VERSION = 5.0;
				TARGETED_DEVICE_FAMILY = "1,2";
				TEST_TARGET_NAME = Counter;
			};
			name = Debug;
		};
		776C48A629AB8DD200BC6A6F /* Release */ = {
			isa = XCBuildConfiguration;
			buildSettings = {
				ALWAYS_EMBED_SWIFT_STANDARD_LIBRARIES = YES;
				CODE_SIGN_STYLE = Automatic;
				CURRENT_PROJECT_VERSION = 1;
				DEVELOPMENT_TEAM = 5FT98XXVFH;
				GENERATE_INFOPLIST_FILE = YES;
				MARKETING_VERSION = 1.0;
				PRODUCT_BUNDLE_IDENTIFIER = test.CounterUITests;
				PRODUCT_NAME = "$(TARGET_NAME)";
				SWIFT_EMIT_LOC_STRINGS = NO;
				SWIFT_VERSION = 5.0;
				TARGETED_DEVICE_FAMILY = "1,2";
				TEST_TARGET_NAME = Counter;
			};
			name = Release;
		};
/* End XCBuildConfiguration section */

/* Begin XCConfigurationList section */
		776C486F29AB8DD100BC6A6F /* Build configuration list for PBXProject "Counter" */ = {
			isa = XCConfigurationList;
			buildConfigurations = (
				776C489C29AB8DD200BC6A6F /* Debug */,
				776C489D29AB8DD200BC6A6F /* Release */,
			);
			defaultConfigurationIsVisible = 0;
			defaultConfigurationName = Release;
		};
		776C489E29AB8DD200BC6A6F /* Build configuration list for PBXNativeTarget "Counter" */ = {
			isa = XCConfigurationList;
			buildConfigurations = (
				776C489F29AB8DD200BC6A6F /* Debug */,
				776C48A029AB8DD200BC6A6F /* Release */,
			);
			defaultConfigurationIsVisible = 0;
			defaultConfigurationName = Release;
		};
		776C48A129AB8DD200BC6A6F /* Build configuration list for PBXNativeTarget "CounterTests" */ = {
			isa = XCConfigurationList;
			buildConfigurations = (
				776C48A229AB8DD200BC6A6F /* Debug */,
				776C48A329AB8DD200BC6A6F /* Release */,
			);
			defaultConfigurationIsVisible = 0;
			defaultConfigurationName = Release;
		};
		776C48A429AB8DD200BC6A6F /* Build configuration list for PBXNativeTarget "CounterUITests" */ = {
			isa = XCConfigurationList;
			buildConfigurations = (
				776C48A529AB8DD200BC6A6F /* Debug */,
				776C48A629AB8DD200BC6A6F /* Release */,
			);
			defaultConfigurationIsVisible = 0;
			defaultConfigurationName = Release;
		};
/* End XCConfigurationList section */
	};
	rootObject = 776C486C29AB8DD100BC6A6F /* Project object */;
}
